
Microsoft Visual Studio Solution File, Format Version 12.00
# Visual Studio Version 16
VisualStudioVersion = 25.0.1706.14
MinimumVisualStudioVersion = 10.0.40219.1
Project("{FAE04EC0-301F-11D3-BF4B-00C04F79EFBC}") = "EcommerceConsume", "EcommerceConsume\EcommerceConsume.csproj", "{024F892A-E2C1-4275-A2E9-8584D67C97F6}"
EndProject
Global
	GlobalSection(SolutionConfigurationPlatforms) = preSolution
		Debug|Any CPU = Debug|Any CPU
		Release|Any CPU = Release|Any CPU
	EndGlobalSection
	GlobalSection(ProjectConfigurationPlatforms) = postSolution
		{024F892A-E2C1-4275-A2E9-8584D67C97F6}.Debug|Any CPU.ActiveCfg = Debug|Any CPU
		{024F892A-E2C1-4275-A2E9-8584D67C97F6}.Debug|Any CPU.Build.0 = Debug|Any CPU
		{024F892A-E2C1-4275-A2E9-8584D67C97F6}.Release|Any CPU.ActiveCfg = Release|Any CPU
		{024F892A-E2C1-4275-A2E9-8584D67C97F6}.Release|Any CPU.Build.0 = Release|Any CPU
	EndGlobalSection
	GlobalSection(SolutionProperties) = preSolution
		HideSolutionNode = FALSE
	EndGlobalSection
	GlobalSection(ExtensibilityGlobals) = postSolution
		SolutionGuid = {AE7B1FE9-3AA8-49EB-B6C2-6FDE019B3E88}
	EndGlobalSection
EndGlobal
