
Microsoft Visual Studio Solution File, Format Version 12.00
# Visual Studio Version 16
VisualStudioVersion = 25.0.1706.14
MinimumVisualStudioVersion = 10.0.40219.1
Project("{FAE04EC0-301F-11D3-BF4B-00C04F79EFBC}") = "ECommerceApp", "ECommerceApp\ECommerceApp.csproj", "{5BD496E2-F4D4-46D3-B022-620159D92A3F}"
EndProject
Project("{FAE04EC0-301F-11D3-BF4B-00C04F79EFBC}") = "Domain", "Domain\Domain.csproj", "{09D4D7FD-5F77-4369-AB4E-34711BA9C20E}"
EndProject
Project("{FAE04EC0-301F-11D3-BF4B-00C04F79EFBC}") = "Repository", "Repository\Repository.csproj", "{BA7CD889-DC01-48A3-B280-44B3D74DEA44}"
EndProject
Project("{FAE04EC0-301F-11D3-BF4B-00C04F79EFBC}") = "Service", "Service\Service.csproj", "{4985D9FD-07D5-488E-BD04-709C7CD60AA0}"
EndProject
Global
	GlobalSection(SolutionConfigurationPlatforms) = preSolution
		Debug|Any CPU = Debug|Any CPU
		Release|Any CPU = Release|Any CPU
	EndGlobalSection
	GlobalSection(ProjectConfigurationPlatforms) = postSolution
		{5BD496E2-F4D4-46D3-B022-620159D92A3F}.Debug|Any CPU.ActiveCfg = Debug|Any CPU
		{5BD496E2-F4D4-46D3-B022-620159D92A3F}.Debug|Any CPU.Build.0 = Debug|Any CPU
		{5BD496E2-F4D4-46D3-B022-620159D92A3F}.Release|Any CPU.ActiveCfg = Release|Any CPU
		{5BD496E2-F4D4-46D3-B022-620159D92A3F}.Release|Any CPU.Build.0 = Release|Any CPU
		{09D4D7FD-5F77-4369-AB4E-34711BA9C20E}.Debug|Any CPU.ActiveCfg = Debug|Any CPU
		{09D4D7FD-5F77-4369-AB4E-34711BA9C20E}.Debug|Any CPU.Build.0 = Debug|Any CPU
		{09D4D7FD-5F77-4369-AB4E-34711BA9C20E}.Release|Any CPU.ActiveCfg = Release|Any CPU
		{09D4D7FD-5F77-4369-AB4E-34711BA9C20E}.Release|Any CPU.Build.0 = Release|Any CPU
		{BA7CD889-DC01-48A3-B280-44B3D74DEA44}.Debug|Any CPU.ActiveCfg = Debug|Any CPU
		{BA7CD889-DC01-48A3-B280-44B3D74DEA44}.Debug|Any CPU.Build.0 = Debug|Any CPU
		{BA7CD889-DC01-48A3-B280-44B3D74DEA44}.Release|Any CPU.ActiveCfg = Release|Any CPU
		{BA7CD889-DC01-48A3-B280-44B3D74DEA44}.Release|Any CPU.Build.0 = Release|Any CPU
		{4985D9FD-07D5-488E-BD04-709C7CD60AA0}.Debug|Any CPU.ActiveCfg = Debug|Any CPU
		{4985D9FD-07D5-488E-BD04-709C7CD60AA0}.Debug|Any CPU.Build.0 = Debug|Any CPU
		{4985D9FD-07D5-488E-BD04-709C7CD60AA0}.Release|Any CPU.ActiveCfg = Release|Any CPU
		{4985D9FD-07D5-488E-BD04-709C7CD60AA0}.Release|Any CPU.Build.0 = Release|Any CPU
	EndGlobalSection
	GlobalSection(SolutionProperties) = preSolution
		HideSolutionNode = FALSE
	EndGlobalSection
	GlobalSection(ExtensibilityGlobals) = postSolution
		SolutionGuid = {312A415F-F20E-487A-9390-580FF925470E}
	EndGlobalSection
EndGlobal
